
Microsoft Visual Studio Solution File, Format Version 12.00
# Visual Studio Version 17
VisualStudioVersion = 17.0.32014.148
MinimumVisualStudioVersion = 10.0.40219.1
Project("{9A19103F-16F7-4668-BE54-9A1E7A4F7556}") = "NFT.Storage.Net", "NFT.Storage.Net\NFT.Storage.Net.csproj", "{A3931F37-3ADE-4BA0-A81A-BE82D48E5993}"
EndProject
Project("{FAE04EC0-301F-11D3-BF4B-00C04F79EFBC}") = "NFT.Storage.Net.UnitTests", "NFT.Storage.Net.UnitTests\NFT.Storage.Net.UnitTests.csproj", "{0FED3D59-5AA8-42E4-AC22-AB85126AD2D6}"
EndProject
Global
	GlobalSection(SolutionConfigurationPlatforms) = preSolution
		Debug|Any CPU = Debug|Any CPU
		Release|Any CPU = Release|Any CPU
	EndGlobalSection
	GlobalSection(ProjectConfigurationPlatforms) = postSolution
		{A3931F37-3ADE-4BA0-A81A-BE82D48E5993}.Debug|Any CPU.ActiveCfg = Debug|Any CPU
		{A3931F37-3ADE-4BA0-A81A-BE82D48E5993}.Debug|Any CPU.Build.0 = Debug|Any CPU
		{A3931F37-3ADE-4BA0-A81A-BE82D48E5993}.Release|Any CPU.ActiveCfg = Release|Any CPU
		{A3931F37-3ADE-4BA0-A81A-BE82D48E5993}.Release|Any CPU.Build.0 = Release|Any CPU
		{0FED3D59-5AA8-42E4-AC22-AB85126AD2D6}.Debug|Any CPU.ActiveCfg = Debug|Any CPU
		{0FED3D59-5AA8-42E4-AC22-AB85126AD2D6}.Debug|Any CPU.Build.0 = Debug|Any CPU
		{0FED3D59-5AA8-42E4-AC22-AB85126AD2D6}.Release|Any CPU.ActiveCfg = Release|Any CPU
		{0FED3D59-5AA8-42E4-AC22-AB85126AD2D6}.Release|Any CPU.Build.0 = Release|Any CPU
	EndGlobalSection
	GlobalSection(SolutionProperties) = preSolution
		HideSolutionNode = FALSE
	EndGlobalSection
	GlobalSection(ExtensibilityGlobals) = postSolution
		SolutionGuid = {6CBB98F0-C562-4EED-8DF9-C91E880F4DC2}
	EndGlobalSection
EndGlobal
